{
  "nodes": {
    "emacs30-macport-pkgs": {
      "locked": {
        "lastModified": 1743625445,
        "narHash": "sha256-L11FaB4as3XP5yugivNw0PybBsA0Xo/4mVAUCwStxSA=",
        "owner": "NixOS",
        "repo": "nixpkgs",
        "rev": "e69459daa70f1c496dc5a0142449d894a02ab034",
        "type": "github"
      },
      "original": {
        "owner": "NixOS",
        "repo": "nixpkgs",
        "rev": "e69459daa70f1c496dc5a0142449d894a02ab034",
        "type": "github"
      }
    },
    "nixpkgs": {
      "locked": {
        "lastModified": 1747953325,
        "narHash": "sha256-y2ZtlIlNTuVJUZCqzZAhIw5rrKP4DOSklev6c8PyCkQ=",
        "owner": "NixOS",
        "repo": "nixpkgs",
        "rev": "55d1f923c480dadce40f5231feb472e81b0bab48",
        "type": "github"
      },
      "original": {
        "owner": "NixOS",
        "ref": "nixos-25.05",
        "repo": "nixpkgs",
        "type": "github"
      }
    },
    "root": {
      "inputs": {
        "emacs30-macport-pkgs": "emacs30-macport-pkgs",
        "nixpkgs": "nixpkgs"
      }
    }
  },
  "root": "root",
  "version": 7
}
